
Microsoft Visual Studio Solution File, Format Version 12.00
# Visual Studio 15
Project("{FAE04EC0-301F-11D3-BF4B-00C04F79EFBC}") = "Assembly-CSharp", "Assembly-CSharp.csproj", "{7E5A5C65-DBD8-0160-8424-7C346F55D75A}"
EndProject
Project("{FAE04EC0-301F-11D3-BF4B-00C04F79EFBC}") = "Assembly-CSharp-Editor", "Assembly-CSharp-Editor.csproj", "{5897690D-BFCC-EABC-AA1F-F39B0F550257}"
EndProject
Global
	GlobalSection(SolutionConfigurationPlatforms) = preSolution
		Debug|Any CPU = Debug|Any CPU
		Release|Any CPU = Release|Any CPU
	EndGlobalSection
	GlobalSection(ProjectConfigurationPlatforms) = postSolution
		{7E5A5C65-DBD8-0160-8424-7C346F55D75A}.Debug|Any CPU.ActiveCfg = Debug|Any CPU
		{7E5A5C65-DBD8-0160-8424-7C346F55D75A}.Debug|Any CPU.Build.0 = Debug|Any CPU
		{7E5A5C65-DBD8-0160-8424-7C346F55D75A}.Release|Any CPU.ActiveCfg = Release|Any CPU
		{7E5A5C65-DBD8-0160-8424-7C346F55D75A}.Release|Any CPU.Build.0 = Release|Any CPU
		{5897690D-BFCC-EABC-AA1F-F39B0F550257}.Debug|Any CPU.ActiveCfg = Debug|Any CPU
		{5897690D-BFCC-EABC-AA1F-F39B0F550257}.Debug|Any CPU.Build.0 = Debug|Any CPU
		{5897690D-BFCC-EABC-AA1F-F39B0F550257}.Release|Any CPU.ActiveCfg = Release|Any CPU
		{5897690D-BFCC-EABC-AA1F-F39B0F550257}.Release|Any CPU.Build.0 = Release|Any CPU
	EndGlobalSection
	GlobalSection(SolutionProperties) = preSolution
		HideSolutionNode = FALSE
	EndGlobalSection
EndGlobal
